
Microsoft Visual Studio Solution File, Format Version 12.00
Project("{2150E333-8FDC-42A3-9474-1A3956D46DE8}") = "Src", "Src", "{DB1E38BE-B18D-450E-8B8E-C118F39B9420}"
EndProject
Project("{2150E333-8FDC-42A3-9474-1A3956D46DE8}") = "SysJudo.API", "SysJudo.API", "{162DCFF8-65FF-4D37-9491-AE7C62D0C12C}"
EndProject
Project("{2150E333-8FDC-42A3-9474-1A3956D46DE8}") = "SysJudo.Domain", "SysJudo.Domain", "{CFB8A854-F8B1-4384-A8CC-61372B4FB62B}"
EndProject
Project("{2150E333-8FDC-42A3-9474-1A3956D46DE8}") = "SysJudo.Infra", "SysJudo.Infra", "{C716573A-777B-42ED-A9DC-DCA424C6507F}"
EndProject
Project("{2150E333-8FDC-42A3-9474-1A3956D46DE8}") = "SysJudo.Core", "SysJudo.Core", "{999E1E56-F3BD-41CF-BD6E-A25EA1F2821E}"
EndProject
Project("{2150E333-8FDC-42A3-9474-1A3956D46DE8}") = "SysJudo.Application", "SysJudo.Application", "{7B8EBFC4-6C31-4731-B52F-D4FD213C15CE}"
EndProject
Project("{FAE04EC0-301F-11D3-BF4B-00C04F79EFBC}") = "SysJudo.Api", "SysJudo.Api\SysJudo.Api.csproj", "{FA7FDA92-3583-4552-B37B-35622987FA89}"
EndProject
Project("{FAE04EC0-301F-11D3-BF4B-00C04F79EFBC}") = "SysJudo.Application", "SysJudo.Application\SysJudo.Application.csproj", "{E4B55863-4C61-4795-8FA0-669E97A63CDF}"
EndProject
Project("{FAE04EC0-301F-11D3-BF4B-00C04F79EFBC}") = "SysJudo.Core", "SysJudo.Core\SysJudo.Core.csproj", "{8167ED4C-7452-4344-8F96-0456316F85CD}"
EndProject
Project("{FAE04EC0-301F-11D3-BF4B-00C04F79EFBC}") = "SysJudo.Domain", "SysJudo.Domain\SysJudo.Domain.csproj", "{1D998431-9073-4F70-8430-5E361440BEC5}"
EndProject
Project("{FAE04EC0-301F-11D3-BF4B-00C04F79EFBC}") = "SysJudo.Infra", "SysJudo.Infra\SysJudo.Infra.csproj", "{13B861A3-11BD-479D-B225-005F71B108A8}"
EndProject
Global
	GlobalSection(SolutionConfigurationPlatforms) = preSolution
		Debug|Any CPU = Debug|Any CPU
		Release|Any CPU = Release|Any CPU
	EndGlobalSection
	GlobalSection(NestedProjects) = preSolution
		{162DCFF8-65FF-4D37-9491-AE7C62D0C12C} = {DB1E38BE-B18D-450E-8B8E-C118F39B9420}
		{CFB8A854-F8B1-4384-A8CC-61372B4FB62B} = {DB1E38BE-B18D-450E-8B8E-C118F39B9420}
		{C716573A-777B-42ED-A9DC-DCA424C6507F} = {DB1E38BE-B18D-450E-8B8E-C118F39B9420}
		{999E1E56-F3BD-41CF-BD6E-A25EA1F2821E} = {DB1E38BE-B18D-450E-8B8E-C118F39B9420}
		{7B8EBFC4-6C31-4731-B52F-D4FD213C15CE} = {DB1E38BE-B18D-450E-8B8E-C118F39B9420}
		{FA7FDA92-3583-4552-B37B-35622987FA89} = {162DCFF8-65FF-4D37-9491-AE7C62D0C12C}
		{E4B55863-4C61-4795-8FA0-669E97A63CDF} = {7B8EBFC4-6C31-4731-B52F-D4FD213C15CE}
		{8167ED4C-7452-4344-8F96-0456316F85CD} = {999E1E56-F3BD-41CF-BD6E-A25EA1F2821E}
		{1D998431-9073-4F70-8430-5E361440BEC5} = {CFB8A854-F8B1-4384-A8CC-61372B4FB62B}
		{13B861A3-11BD-479D-B225-005F71B108A8} = {C716573A-777B-42ED-A9DC-DCA424C6507F}
	EndGlobalSection
	GlobalSection(ProjectConfigurationPlatforms) = postSolution
		{FA7FDA92-3583-4552-B37B-35622987FA89}.Debug|Any CPU.ActiveCfg = Debug|Any CPU
		{FA7FDA92-3583-4552-B37B-35622987FA89}.Debug|Any CPU.Build.0 = Debug|Any CPU
		{FA7FDA92-3583-4552-B37B-35622987FA89}.Release|Any CPU.ActiveCfg = Release|Any CPU
		{FA7FDA92-3583-4552-B37B-35622987FA89}.Release|Any CPU.Build.0 = Release|Any CPU
		{E4B55863-4C61-4795-8FA0-669E97A63CDF}.Debug|Any CPU.ActiveCfg = Debug|Any CPU
		{E4B55863-4C61-4795-8FA0-669E97A63CDF}.Debug|Any CPU.Build.0 = Debug|Any CPU
		{E4B55863-4C61-4795-8FA0-669E97A63CDF}.Release|Any CPU.ActiveCfg = Release|Any CPU
		{E4B55863-4C61-4795-8FA0-669E97A63CDF}.Release|Any CPU.Build.0 = Release|Any CPU
		{8167ED4C-7452-4344-8F96-0456316F85CD}.Debug|Any CPU.ActiveCfg = Debug|Any CPU
		{8167ED4C-7452-4344-8F96-0456316F85CD}.Debug|Any CPU.Build.0 = Debug|Any CPU
		{8167ED4C-7452-4344-8F96-0456316F85CD}.Release|Any CPU.ActiveCfg = Release|Any CPU
		{8167ED4C-7452-4344-8F96-0456316F85CD}.Release|Any CPU.Build.0 = Release|Any CPU
		{1D998431-9073-4F70-8430-5E361440BEC5}.Debug|Any CPU.ActiveCfg = Debug|Any CPU
		{1D998431-9073-4F70-8430-5E361440BEC5}.Debug|Any CPU.Build.0 = Debug|Any CPU
		{1D998431-9073-4F70-8430-5E361440BEC5}.Release|Any CPU.ActiveCfg = Release|Any CPU
		{1D998431-9073-4F70-8430-5E361440BEC5}.Release|Any CPU.Build.0 = Release|Any CPU
		{13B861A3-11BD-479D-B225-005F71B108A8}.Debug|Any CPU.ActiveCfg = Debug|Any CPU
		{13B861A3-11BD-479D-B225-005F71B108A8}.Debug|Any CPU.Build.0 = Debug|Any CPU
		{13B861A3-11BD-479D-B225-005F71B108A8}.Release|Any CPU.ActiveCfg = Release|Any CPU
		{13B861A3-11BD-479D-B225-005F71B108A8}.Release|Any CPU.Build.0 = Release|Any CPU
	EndGlobalSection
EndGlobal
